
Microsoft Visual Studio Solution File, Format Version 12.00
# Visual Studio 15
VisualStudioVersion = 15.0.27703.2042
MinimumVisualStudioVersion = 10.0.40219.1
Project("{2150E333-8FDC-42A3-9474-1A3956D46DE8}") = "Solution Items", "Solution Items", "{9A23DD08-C949-4D4E-92D3-969A2718CD29}"
	ProjectSection(SolutionItems) = preProject
		Build.cmd = Build.cmd
		NuGet.config = NuGet.config
		Release.cmd = Release.cmd
		Setup.ps1 = Setup.ps1
		Solution.gitignore = Solution.gitignore
		Version.cmd = Version.cmd
		Version.ps1 = Version.ps1
		Version.txt = Version.txt
		VisualStudio.gitignore = VisualStudio.gitignore
	EndProjectSection
EndProject
Project("{2150E333-8FDC-42A3-9474-1A3956D46DE8}") = "Dependencies", "Dependencies", "{900084E7-FDE6-469E-97EF-B98FE1C8209C}"
	ProjectSection(SolutionItems) = preProject
		Dependencies\Code for Windows Release Notes.md = Dependencies\Code for Windows Release Notes.md
		Dependencies\CodeForWindows.Version.txt = Dependencies\CodeForWindows.Version.txt
		Dependencies\Update.cmd = Dependencies\Update.cmd
		Dependencies\Variables.cmd = Dependencies\Variables.cmd
	EndProjectSection
EndProject
Project("{2150E333-8FDC-42A3-9474-1A3956D46DE8}") = "Modules", "Modules", "{6FB0FBEC-E34B-4883-8667-1D0BF5936D5E}"
EndProject
Project("{F5034706-568F-408A-B7B3-4D38C6DB8A32}") = "CodeForPowerShell.VisualStudio", "Modules\CodeForPowerShell.VisualStudio\CodeForPowerShell.VisualStudio.pssproj", "{B8599C92-C20C-4512-A4A2-B176061B9515}"
EndProject
Project("{2150E333-8FDC-42A3-9474-1A3956D46DE8}") = "Documentation", "Documentation", "{960EBBB6-7719-4C5C-BF35-B34EB8EEB7B6}"
	ProjectSection(SolutionItems) = preProject
		Documentation\Developer Notes.md = Documentation\Developer Notes.md
		Documentation\Release Notes.md = Documentation\Release Notes.md
	EndProjectSection
EndProject
Project("{F5034706-568F-408A-B7B3-4D38C6DB8A32}") = "Tests", "Tests\Tests.pssproj", "{6CAFC0C6-A428-4D30-A9F9-700E829FEA51}"
EndProject
Global
	GlobalSection(SolutionConfigurationPlatforms) = preSolution
		Debug|Any CPU = Debug|Any CPU
		Release|Any CPU = Release|Any CPU
	EndGlobalSection
	GlobalSection(ProjectConfigurationPlatforms) = postSolution
		{B8599C92-C20C-4512-A4A2-B176061B9515}.Debug|Any CPU.ActiveCfg = Debug|Any CPU
		{B8599C92-C20C-4512-A4A2-B176061B9515}.Debug|Any CPU.Build.0 = Debug|Any CPU
		{B8599C92-C20C-4512-A4A2-B176061B9515}.Release|Any CPU.ActiveCfg = Release|Any CPU
		{B8599C92-C20C-4512-A4A2-B176061B9515}.Release|Any CPU.Build.0 = Release|Any CPU
		{6CAFC0C6-A428-4D30-A9F9-700E829FEA51}.Debug|Any CPU.ActiveCfg = Debug|Any CPU
		{6CAFC0C6-A428-4D30-A9F9-700E829FEA51}.Debug|Any CPU.Build.0 = Debug|Any CPU
		{6CAFC0C6-A428-4D30-A9F9-700E829FEA51}.Release|Any CPU.ActiveCfg = Release|Any CPU
		{6CAFC0C6-A428-4D30-A9F9-700E829FEA51}.Release|Any CPU.Build.0 = Release|Any CPU
	EndGlobalSection
	GlobalSection(SolutionProperties) = preSolution
		HideSolutionNode = FALSE
	EndGlobalSection
	GlobalSection(NestedProjects) = preSolution
		{B8599C92-C20C-4512-A4A2-B176061B9515} = {6FB0FBEC-E34B-4883-8667-1D0BF5936D5E}
	EndGlobalSection
	GlobalSection(ExtensibilityGlobals) = postSolution
		SolutionGuid = {B93EE8F7-A55E-4031-88F3-01727958CDB6}
	EndGlobalSection
EndGlobal
